{
    "_readme": [
        "This file locks the dependencies of your project to a known state",
        "Read more about it at http://getcomposer.org/doc/01-basic-usage.md#composer-lock-the-lock-file"
    ],
    "hash": "200633845c100c9f6265944d17801f68",
    "packages": [
        {
            "name": "faisalman/simple-excel-php",
            "version": "dev-develop",
            "source": {
                "type": "git",
                "url": "https://github.com/faisalman/simple-excel-php.git",
                "reference": "672f582f6fa38ff10c8d69a5164e2502d0c3bcc5"
            },
            "dist": {
                "type": "zip",
                "url": "https://api.github.com/repos/faisalman/simple-excel-php/zipball/672f582f6fa38ff10c8d69a5164e2502d0c3bcc5",
                "reference": "672f582f6fa38ff10c8d69a5164e2502d0c3bcc5",
                "shasum": ""
            },
            "require": {
                "php": ">=5.3.0"
            },
            "require-dev": {
                "phpunit/phpunit": "3.7.*"
            },
            "type": "library",
            "autoload": {
                "psr-0": {
                    "SimpleExcel\\": "src/"
                }
            },
            "notification-url": "https://packagist.org/downloads/",
            "license": [
                "MIT"
            ],
            "authors": [
                {
                    "name": "Faisal Salman",
                    "email": "fyzlman@gmail.com",
                    "homepage": "http://faisalman.com",
                    "role": "Developer"
                }
            ],
            "description": "Easily parse / convert / write between Microsoft Excel XML / CSV / TSV / HTML / JSON / etc formats",
            "homepage": "http://faisalman.github.com/simple-excel-php",
            "keywords": [
                "converter",
                "csv",
                "document",
                "excel",
                "html",
                "json",
                "parser",
                "spreadsheet",
                "tsv",
                "writer",
                "xml"
            ],
            "time": "2013-09-30 15:48:34"
        },
        {
            "name": "paste/pre",
            "version": "dev-master",
            "source": {
                "type": "git",
                "url": "https://github.com/paste/Pre.php.git",
                "reference": "bf47c87c8fd8f1f75d6b2a3235ee072bb45a5842"
            },
            "dist": {
                "type": "zip",
                "url": "https://api.github.com/repos/paste/Pre.php/zipball/bf47c87c8fd8f1f75d6b2a3235ee072bb45a5842",
                "reference": "bf47c87c8fd8f1f75d6b2a3235ee072bb45a5842",
                "shasum": ""
            },
            "require": {
                "php": ">=5.3.0"
            },
            "type": "library",
            "autoload": {
                "psr-0": {
                    "Paste": "src/"
                }
            },
            "notification-url": "https://packagist.org/downloads/",
            "license": [
                "MIT"
            ],
            "authors": [
                {
                    "name": "Aaron Oxborrow",
                    "email": "aaron@pastelabs.com",
                    "homepage": "http://pastelabs.com/",
                    "role": "Developer"
                }
            ],
            "description": "A handsome replacement for print_r & var_dump. Debugging output with understated style.",
            "homepage": "https://github.com/paste/Pre.php",
            "keywords": [
                "debug",
                "dump",
                "pre",
                "pretty",
                "print",
                "print_r",
                "var_dump"
            ],
            "time": "2013-06-12 03:56:57"
        }
    ],
    "packages-dev": [

    ],
    "aliases": [

    ],
    "minimum-stability": "stable",
    "stability-flags": {
        "paste/pre": 20,
        "faisalman/simple-excel-php": 20
    },
    "platform": [

    ],
    "platform-dev": [

    ]
}
